<?xml version="1.0" encoding="utf-8"?>
<Project ToolsVersion="4.0" xmlns="http://schemas.microsoft.com/developer/msbuild/2003">
  <ItemGroup>
    <Filter Include="Source Files">
      <UniqueIdentifier>{4FC737F1-C7A5-4376-A066-2A32D752A2FF}</UniqueIdentifier>
      <Extensions>cpp;c;cc;cxx;def;odl;idl;hpj;bat;asm;asmx</Extensions>
    </Filter>
    <Filter Include="Source Files\Sys">
      <UniqueIdentifier>{df17a9f4-62da-4bd5-b1df-914d7e3af6e5}</UniqueIdentifier>
    </Filter>
    <Filter Include="Source Files\Preprocessor">
      <UniqueIdentifier>{66f699fc-7573-4e1d-aeae-23bcf6a38c07}</UniqueIdentifier>
    </Filter>
    <Filter Include="Resources">
      <UniqueIdentifier>{214e27f9-b49e-4a7c-9e56-1653f5737d96}</UniqueIdentifier>
    </Filter>
    <Filter Include="Source Files\Debug">
      <UniqueIdentifier>{f4d1c70b-7528-49b7-95bd-e4cb288497fe}</UniqueIdentifier>
    </Filter>
  </ItemGroup>
  <ItemGroup>
    <ClCompile Include="..\..\src\engine\GameInstance.cpp">
      <Filter>Source Files</Filter>
    </ClCompile>
    <ClCompile Include="..\..\src\engine\Sys\GameWindowWin32.cpp">
      <Filter>Source Files\Sys</Filter>
    </ClCompile>
    <ClCompile Include="..\..\src\engine\debug\Debug.cpp">
      <Filter>Source Files\Debug</Filter>
    </ClCompile>
    <ClCompile Include="..\..\src\engine\sys\Logger.cpp">
      <Filter>Source Files\Sys</Filter>
    </ClCompile>
  </ItemGroup>
  <ItemGroup>
    <ClInclude Include="..\..\src\engine\GameInstance.h">
      <Filter>Source Files</Filter>
    </ClInclude>
    <ClInclude Include="..\..\src\engine\precompiled.h">
      <Filter>Source Files</Filter>
    </ClInclude>
    <ClInclude Include="..\..\src\engine\Sys\GameWindow.h">
      <Filter>Source Files\Sys</Filter>
    </ClInclude>
    <ClInclude Include="..\..\src\engine\Preprocessor\platform.h">
      <Filter>Source Files\Preprocessor</Filter>
    </ClInclude>
    <ClInclude Include="..\..\src\engine\debug\Debug.h">
      <Filter>Source Files\Debug</Filter>
    </ClInclude>
    <ClInclude Include="..\..\src\engine\sys\Logger.h">
      <Filter>Source Files\Sys</Filter>
    </ClInclude>
  </ItemGroup>
  <ItemGroup>
    <None Include="..\..\TASKS.md">
      <Filter>Resources</Filter>
    </None>
    <None Include="..\..\README.md">
      <Filter>Resources</Filter>
    </None>
  </ItemGroup>
</Project>